
Microsoft Visual Studio Solution File, Format Version 12.00
# Visual Studio Version 17
VisualStudioVersion = 17.0.31903.59
MinimumVisualStudioVersion = 10.0.40219.1
Project("{FAE04EC0-301F-11D3-BF4B-00C04F79EFBC}") = "IdealAPI", "IdealApI\IdealAPI.csproj", "{2D3756C9-D7F0-4FD3-AAB9-055EE968397D}"
EndProject
Project("{FAE04EC0-301F-11D3-BF4B-00C04F79EFBC}") = "IdealApi.Test", "IdealApi.Test\IdealApi.Test.csproj", "{E5CFA96B-391D-41E3-A02E-4FC4F4E7AE96}"
EndProject
Global
	GlobalSection(SolutionConfigurationPlatforms) = preSolution
		Debug|Any CPU = Debug|Any CPU
		Release|Any CPU = Release|Any CPU
	EndGlobalSection
	GlobalSection(SolutionProperties) = preSolution
		HideSolutionNode = FALSE
	EndGlobalSection
	GlobalSection(ProjectConfigurationPlatforms) = postSolution
		{2D3756C9-D7F0-4FD3-AAB9-055EE968397D}.Debug|Any CPU.ActiveCfg = Debug|Any CPU
		{2D3756C9-D7F0-4FD3-AAB9-055EE968397D}.Debug|Any CPU.Build.0 = Debug|Any CPU
		{2D3756C9-D7F0-4FD3-AAB9-055EE968397D}.Release|Any CPU.ActiveCfg = Release|Any CPU
		{2D3756C9-D7F0-4FD3-AAB9-055EE968397D}.Release|Any CPU.Build.0 = Release|Any CPU
		{E5CFA96B-391D-41E3-A02E-4FC4F4E7AE96}.Debug|Any CPU.ActiveCfg = Debug|Any CPU
		{E5CFA96B-391D-41E3-A02E-4FC4F4E7AE96}.Debug|Any CPU.Build.0 = Debug|Any CPU
		{E5CFA96B-391D-41E3-A02E-4FC4F4E7AE96}.Release|Any CPU.ActiveCfg = Release|Any CPU
		{E5CFA96B-391D-41E3-A02E-4FC4F4E7AE96}.Release|Any CPU.Build.0 = Release|Any CPU
	EndGlobalSection
EndGlobal
